
Microsoft Visual Studio Solution File, Format Version 12.00
# Visual Studio Version 17
VisualStudioVersion = 17.11.35312.102
MinimumVisualStudioVersion = 10.0.40219.1
Project("{FAE04EC0-301F-11D3-BF4B-00C04F79EFBC}") = "VdmtLesson03", "VdmtLesson03\VdmtLesson03.csproj", "{5859C27D-DE9E-4379-BFCF-8455C3D6884B}"
EndProject
Global
	GlobalSection(SolutionConfigurationPlatforms) = preSolution
		Debug|Any CPU = Debug|Any CPU
		Release|Any CPU = Release|Any CPU
	EndGlobalSection
	GlobalSection(ProjectConfigurationPlatforms) = postSolution
		{5859C27D-DE9E-4379-BFCF-8455C3D6884B}.Debug|Any CPU.ActiveCfg = Debug|Any CPU
		{5859C27D-DE9E-4379-BFCF-8455C3D6884B}.Debug|Any CPU.Build.0 = Debug|Any CPU
		{5859C27D-DE9E-4379-BFCF-8455C3D6884B}.Release|Any CPU.ActiveCfg = Release|Any CPU
		{5859C27D-DE9E-4379-BFCF-8455C3D6884B}.Release|Any CPU.Build.0 = Release|Any CPU
	EndGlobalSection
	GlobalSection(SolutionProperties) = preSolution
		HideSolutionNode = FALSE
	EndGlobalSection
	GlobalSection(ExtensibilityGlobals) = postSolution
		SolutionGuid = {D85AE4EE-8A63-480E-B5AB-91E7B37522F0}
	EndGlobalSection
EndGlobal
